
Microsoft Visual Studio Solution File, Format Version 12.00
# Visual Studio Version 17
VisualStudioVersion = 17.11.35219.272
MinimumVisualStudioVersion = 10.0.40219.1
Project("{FAE04EC0-301F-11D3-BF4B-00C04F79EFBC}") = "do an 2", "do an 2\do an 2.csproj", "{0FF4A593-08C9-42E1-817B-A035980648F5}"
EndProject
Global
	GlobalSection(SolutionConfigurationPlatforms) = preSolution
		Debug|Any CPU = Debug|Any CPU
		Release|Any CPU = Release|Any CPU
	EndGlobalSection
	GlobalSection(ProjectConfigurationPlatforms) = postSolution
		{0FF4A593-08C9-42E1-817B-A035980648F5}.Debug|Any CPU.ActiveCfg = Debug|Any CPU
		{0FF4A593-08C9-42E1-817B-A035980648F5}.Debug|Any CPU.Build.0 = Debug|Any CPU
		{0FF4A593-08C9-42E1-817B-A035980648F5}.Release|Any CPU.ActiveCfg = Release|Any CPU
		{0FF4A593-08C9-42E1-817B-A035980648F5}.Release|Any CPU.Build.0 = Release|Any CPU
	EndGlobalSection
	GlobalSection(SolutionProperties) = preSolution
		HideSolutionNode = FALSE
	EndGlobalSection
	GlobalSection(ExtensibilityGlobals) = postSolution
		SolutionGuid = {EB00E48C-1500-4257-90C4-0ACE0AAB2C3B}
	EndGlobalSection
EndGlobal
